// !$*UTF8*$!
{
	archiveVersion = 1;
	classes = {
	};
	objectVersion = 50;
	objects = {

/* Begin PBXBuildFile section */
		31B590E221BEAF6000183B42 /* AppDelegate.m in Sources */ = {isa = PBXBuildFile; fileRef = 31B590E121BEAF6000183B42 /* AppDelegate.m */; };
		31B590E521BEAF6000183B42 /* ViewController.m in Sources */ = {isa = PBXBuildFile; fileRef = 31B590E421BEAF6000183B42 /* ViewController.m */; };
		31B590E821BEAF6000183B42 /* Main.storyboard in Resources */ = {isa = PBXBuildFile; fileRef = 31B590E621BEAF6000183B42 /* Main.storyboard */; };
		31B590EA21BEAF6100183B42 /* Assets.xcassets in Resources */ = {isa = PBXBuildFile; fileRef = 31B590E921BEAF6100183B42 /* Assets.xcassets */; };
		31B590ED21BEAF6100183B42 /* LaunchScreen.storyboard in Resources */ = {isa = PBXBuildFile; fileRef = 31B590EB21BEAF6100183B42 /* LaunchScreen.storyboard */; };
		31B590F021BEAF6100183B42 /* main.m in Sources */ = {isa = PBXBuildFile; fileRef = 31B590EF21BEAF6100183B42 /* main.m */; };
		31B590F821BEB01000183B42 /* UIView+XLSubtractMask.m in Sources */ = {isa = PBXBuildFile; fileRef = 31B590F721BEB01000183B42 /* UIView+XLSubtractMask.m */; };
		9FCDEC1C21BFA4A6003F362D /* color.jpg in Resources */ = {isa = PBXBuildFile; fileRef = 9FCDEC1B21BFA4A6003F362D /* color.jpg */; };
		9FCDEC1E21BFA4B2003F362D /* background.jpg in Resources */ = {isa = PBXBuildFile; fileRef = 9FCDEC1D21BFA4B2003F362D /* background.jpg */; };
		9FCDEC2021BFA4B9003F362D /* pikaqiu.png in Resources */ = {isa = PBXBuildFile; fileRef = 9FCDEC1F21BFA4B9003F362D /* pikaqiu.png */; };
/* End PBXBuildFile section */

/* Begin PBXFileReference section */
		31B590DD21BEAF6000183B42 /* XLSubtractMask.app */ = {isa = PBXFileReference; explicitFileType = wrapper.application; includeInIndex = 0; path = XLSubtractMask.app; sourceTree = BUILT_PRODUCTS_DIR; };
		31B590E021BEAF6000183B42 /* AppDelegate.h */ = {isa = PBXFileReference; lastKnownFileType = sourcecode.c.h; path = AppDelegate.h; sourceTree = "<group>"; };
		31B590E121BEAF6000183B42 /* AppDelegate.m */ = {isa = PBXFileReference; lastKnownFileType = sourcecode.c.objc; path = AppDelegate.m; sourceTree = "<group>"; };
		31B590E321BEAF6000183B42 /* ViewController.h */ = {isa = PBXFileReference; lastKnownFileType = sourcecode.c.h; path = ViewController.h; sourceTree = "<group>"; };
		31B590E421BEAF6000183B42 /* ViewController.m */ = {isa = PBXFileReference; lastKnownFileType = sourcecode.c.objc; path = ViewController.m; sourceTree = "<group>"; };
		31B590E721BEAF6000183B42 /* Base */ = {isa = PBXFileReference; lastKnownFileType = file.storyboard; name = Base; path = Base.lproj/Main.storyboard; sourceTree = "<group>"; };
		31B590E921BEAF6100183B42 /* Assets.xcassets */ = {isa = PBXFileReference; lastKnownFileType = folder.assetcatalog; path = Assets.xcassets; sourceTree = "<group>"; };
		31B590EC21BEAF6100183B42 /* Base */ = {isa = PBXFileReference; lastKnownFileType = file.storyboard; name = Base; path = Base.lproj/LaunchScreen.storyboard; sourceTree = "<group>"; };
		31B590EE21BEAF6100183B42 /* Info.plist */ = {isa = PBXFileReference; lastKnownFileType = text.plist.xml; path = Info.plist; sourceTree = "<group>"; };
		31B590EF21BEAF6100183B42 /* main.m */ = {isa = PBXFileReference; lastKnownFileType = sourcecode.c.objc; path = main.m; sourceTree = "<group>"; };
		31B590F621BEB01000183B42 /* UIView+XLSubtractMask.h */ = {isa = PBXFileReference; lastKnownFileType = sourcecode.c.h; path = "UIView+XLSubtractMask.h"; sourceTree = "<group>"; };
		31B590F721BEB01000183B42 /* UIView+XLSubtractMask.m */ = {isa = PBXFileReference; lastKnownFileType = sourcecode.c.objc; path = "UIView+XLSubtractMask.m"; sourceTree = "<group>"; };
		9FCDEC1B21BFA4A6003F362D /* color.jpg */ = {isa = PBXFileReference; lastKnownFileType = image.jpeg; path = color.jpg; sourceTree = "<group>"; };
		9FCDEC1D21BFA4B2003F362D /* background.jpg */ = {isa = PBXFileReference; lastKnownFileType = image.jpeg; path = background.jpg; sourceTree = "<group>"; };
		9FCDEC1F21BFA4B9003F362D /* pikaqiu.png */ = {isa = PBXFileReference; lastKnownFileType = image.png; path = pikaqiu.png; sourceTree = "<group>"; };
/* End PBXFileReference section */

/* Begin PBXFrameworksBuildPhase section */
		31B590DA21BEAF6000183B42 /* Frameworks */ = {
			isa = PBXFrameworksBuildPhase;
			buildActionMask = 2147483647;
			files = (
			);
			runOnlyForDeploymentPostprocessing = 0;
		};
/* End PBXFrameworksBuildPhase section */

/* Begin PBXGroup section */
		31B590D421BEAF6000183B42 = {
			isa = PBXGroup;
			children = (
				31B590DF21BEAF6000183B42 /* XLSubtractMask */,
				31B590DE21BEAF6000183B42 /* Products */,
			);
			sourceTree = "<group>";
		};
		31B590DE21BEAF6000183B42 /* Products */ = {
			isa = PBXGroup;
			children = (
				31B590DD21BEAF6000183B42 /* XLSubtractMask.app */,
			);
			name = Products;
			sourceTree = "<group>";
		};
		31B590DF21BEAF6000183B42 /* XLSubtractMask */ = {
			isa = PBXGroup;
			children = (
				31B590E021BEAF6000183B42 /* AppDelegate.h */,
				31B590E121BEAF6000183B42 /* AppDelegate.m */,
				31B590E321BEAF6000183B42 /* ViewController.h */,
				31B590E421BEAF6000183B42 /* ViewController.m */,
				31B590E621BEAF6000183B42 /* Main.storyboard */,
				31B590E921BEAF6100183B42 /* Assets.xcassets */,
				9FCDEC1D21BFA4B2003F362D /* background.jpg */,
				31B590EB21BEAF6100183B42 /* LaunchScreen.storyboard */,
				9FCDEC1B21BFA4A6003F362D /* color.jpg */,
				31B590EE21BEAF6100183B42 /* Info.plist */,
				31B590EF21BEAF6100183B42 /* main.m */,
				9FCDEC1F21BFA4B9003F362D /* pikaqiu.png */,
				31B590F621BEB01000183B42 /* UIView+XLSubtractMask.h */,
				31B590F721BEB01000183B42 /* UIView+XLSubtractMask.m */,
			);
			path = XLSubtractMask;
			sourceTree = "<group>";
		};
/* End PBXGroup section */

/* Begin PBXNativeTarget section */
		31B590DC21BEAF6000183B42 /* XLSubtractMask */ = {
			isa = PBXNativeTarget;
			buildConfigurationList = 31B590F321BEAF6100183B42 /* Build configuration list for PBXNativeTarget "XLSubtractMask" */;
			buildPhases = (
				31B590D921BEAF6000183B42 /* Sources */,
				31B590DA21BEAF6000183B42 /* Frameworks */,
				31B590DB21BEAF6000183B42 /* Resources */,
			);
			buildRules = (
			);
			dependencies = (
			);
			name = XLSubtractMask;
			productName = XLSubtractMask;
			productReference = 31B590DD21BEAF6000183B42 /* XLSubtractMask.app */;
			productType = "com.apple.product-type.application";
		};
/* End PBXNativeTarget section */

/* Begin PBXProject section */
		31B590D521BEAF6000183B42 /* Project object */ = {
			isa = PBXProject;
			attributes = {
				LastUpgradeCheck = 1010;
				ORGANIZATIONNAME = "李小龙";
				TargetAttributes = {
					31B590DC21BEAF6000183B42 = {
						CreatedOnToolsVersion = 10.1;
					};
				};
			};
			buildConfigurationList = 31B590D821BEAF6000183B42 /* Build configuration list for PBXProject "XLSubtractMask" */;
			compatibilityVersion = "Xcode 9.3";
			developmentRegion = en;
			hasScannedForEncodings = 0;
			knownRegions = (
				en,
				Base,
			);
			mainGroup = 31B590D421BEAF6000183B42;
			productRefGroup = 31B590DE21BEAF6000183B42 /* Products */;
			projectDirPath = "";
			projectRoot = "";
			targets = (
				31B590DC21BEAF6000183B42 /* XLSubtractMask */,
			);
		};
/* End PBXProject section */

/* Begin PBXResourcesBuildPhase section */
		31B590DB21BEAF6000183B42 /* Resources */ = {
			isa = PBXResourcesBuildPhase;
			buildActionMask = 2147483647;
			files = (
				31B590ED21BEAF6100183B42 /* LaunchScreen.storyboard in Resources */,
				9FCDEC1E21BFA4B2003F362D /* background.jpg in Resources */,
				31B590EA21BEAF6100183B42 /* Assets.xcassets in Resources */,
				31B590E821BEAF6000183B42 /* Main.storyboard in Resources */,
				9FCDEC2021BFA4B9003F362D /* pikaqiu.png in Resources */,
				9FCDEC1C21BFA4A6003F362D /* color.jpg in Resources */,
			);
			runOnlyForDeploymentPostprocessing = 0;
		};
/* End PBXResourcesBuildPhase section */

/* Begin PBXSourcesBuildPhase section */
		31B590D921BEAF6000183B42 /* Sources */ = {
			isa = PBXSourcesBuildPhase;
			buildActionMask = 2147483647;
			files = (
				31B590E521BEAF6000183B42 /* ViewController.m in Sources */,
				31B590F021BEAF6100183B42 /* main.m in Sources */,
				31B590F821BEB01000183B42 /* UIView+XLSubtractMask.m in Sources */,
				31B590E221BEAF6000183B42 /* AppDelegate.m in Sources */,
			);
			runOnlyForDeploymentPostprocessing = 0;
		};
/* End PBXSourcesBuildPhase section */

/* Begin PBXVariantGroup section */
		31B590E621BEAF6000183B42 /* Main.storyboard */ = {
			isa = PBXVariantGroup;
			children = (
				31B590E721BEAF6000183B42 /* Base */,
			);
			name = Main.storyboard;
			sourceTree = "<group>";
		};
		31B590EB21BEAF6100183B42 /* LaunchScreen.storyboard */ = {
			isa = PBXVariantGroup;
			children = (
				31B590EC21BEAF6100183B42 /* Base */,
			);
			name = LaunchScreen.storyboard;
			sourceTree = "<group>";
		};
/* End PBXVariantGroup section */

/* Begin XCBuildConfiguration section */
		31B590F121BEAF6100183B42 /* Debug */ = {
			isa = XCBuildConfiguration;
			buildSettings = {
				ALWAYS_SEARCH_USER_PATHS = NO;
				CLANG_ANALYZER_NONNULL = YES;
				CLANG_ANALYZER_NUMBER_OBJECT_CONVERSION = YES_AGGRESSIVE;
				CLANG_CXX_LANGUAGE_STANDARD = "gnu++14";
				CLANG_CXX_LIBRARY = "libc++";
				CLANG_ENABLE_MODULES = YES;
				CLANG_ENABLE_OBJC_ARC = YES;
				CLANG_ENABLE_OBJC_WEAK = YES;
				CLANG_WARN_BLOCK_CAPTURE_AUTORELEASING = YES;
				CLANG_WARN_BOOL_CONVERSION = YES;
				CLANG_WARN_COMMA = YES;
				CLANG_WARN_CONSTANT_CONVERSION = YES;
				CLANG_WARN_DEPRECATED_OBJC_IMPLEMENTATIONS = YES;
				CLANG_WARN_DIRECT_OBJC_ISA_USAGE = YES_ERROR;
				CLANG_WARN_DOCUMENTATION_COMMENTS = YES;
				CLANG_WARN_EMPTY_BODY = YES;
				CLANG_WARN_ENUM_CONVERSION = YES;
				CLANG_WARN_INFINITE_RECURSION = YES;
				CLANG_WARN_INT_CONVERSION = YES;
				CLANG_WARN_NON_LITERAL_NULL_CONVERSION = YES;
				CLANG_WARN_OBJC_IMPLICIT_RETAIN_SELF = YES;
				CLANG_WARN_OBJC_LITERAL_CONVERSION = YES;
				CLANG_WARN_OBJC_ROOT_CLASS = YES_ERROR;
				CLANG_WARN_RANGE_LOOP_ANALYSIS = YES;
				CLANG_WARN_STRICT_PROTOTYPES = YES;
				CLANG_WARN_SUSPICIOUS_MOVE = YES;
				CLANG_WARN_UNGUARDED_AVAILABILITY = YES_AGGRESSIVE;
				CLANG_WARN_UNREACHABLE_CODE = YES;
				CLANG_WARN__DUPLICATE_METHOD_MATCH = YES;
				CODE_SIGN_IDENTITY = "iPhone Developer";
				COPY_PHASE_STRIP = NO;
				DEBUG_INFORMATION_FORMAT = dwarf;
				ENABLE_STRICT_OBJC_MSGSEND = YES;
				ENABLE_TESTABILITY = YES;
				GCC_C_LANGUAGE_STANDARD = gnu11;
				GCC_DYNAMIC_NO_PIC = NO;
				GCC_NO_COMMON_BLOCKS = YES;
				GCC_OPTIMIZATION_LEVEL = 0;
				GCC_PREPROCESSOR_DEFINITIONS = (
					"DEBUG=1",
					"$(inherited)",
				);
				GCC_WARN_64_TO_32_BIT_CONVERSION = YES;
				GCC_WARN_ABOUT_RETURN_TYPE = YES_ERROR;
				GCC_WARN_UNDECLARED_SELECTOR = YES;
				GCC_WARN_UNINITIALIZED_AUTOS = YES_AGGRESSIVE;
				GCC_WARN_UNUSED_FUNCTION = YES;
				GCC_WARN_UNUSED_VARIABLE = YES;
				IPHONEOS_DEPLOYMENT_TARGET = 12.1;
				MTL_ENABLE_DEBUG_INFO = INCLUDE_SOURCE;
				MTL_FAST_MATH = YES;
				ONLY_ACTIVE_ARCH = YES;
				SDKROOT = iphoneos;
			};
			name = Debug;
		};
		31B590F221BEAF6100183B42 /* Release */ = {
			isa = XCBuildConfiguration;
			buildSettings = {
				ALWAYS_SEARCH_USER_PATHS = NO;
				CLANG_ANALYZER_NONNULL = YES;
				CLANG_ANALYZER_NUMBER_OBJECT_CONVERSION = YES_AGGRESSIVE;
				CLANG_CXX_LANGUAGE_STANDARD = "gnu++14";
				CLANG_CXX_LIBRARY = "libc++";
				CLANG_ENABLE_MODULES = YES;
				CLANG_ENABLE_OBJC_ARC = YES;
				CLANG_ENABLE_OBJC_WEAK = YES;
				CLANG_WARN_BLOCK_CAPTURE_AUTORELEASING = YES;
				CLANG_WARN_BOOL_CONVERSION = YES;
				CLANG_WARN_COMMA = YES;
				CLANG_WARN_CONSTANT_CONVERSION = YES;
				CLANG_WARN_DEPRECATED_OBJC_IMPLEMENTATIONS = YES;
				CLANG_WARN_DIRECT_OBJC_ISA_USAGE = YES_ERROR;
				CLANG_WARN_DOCUMENTATION_COMMENTS = YES;
				CLANG_WARN_EMPTY_BODY = YES;
				CLANG_WARN_ENUM_CONVERSION = YES;
				CLANG_WARN_INFINITE_RECURSION = YES;
				CLANG_WARN_INT_CONVERSION = YES;
				CLANG_WARN_NON_LITERAL_NULL_CONVERSION = YES;
				CLANG_WARN_OBJC_IMPLICIT_RETAIN_SELF = YES;
				CLANG_WARN_OBJC_LITERAL_CONVERSION = YES;
				CLANG_WARN_OBJC_ROOT_CLASS = YES_ERROR;
				CLANG_WARN_RANGE_LOOP_ANALYSIS = YES;
				CLANG_WARN_STRICT_PROTOTYPES = YES;
				CLANG_WARN_SUSPICIOUS_MOVE = YES;
				CLANG_WARN_UNGUARDED_AVAILABILITY = YES_AGGRESSIVE;
				CLANG_WARN_UNREACHABLE_CODE = YES;
				CLANG_WARN__DUPLICATE_METHOD_MATCH = YES;
				CODE_SIGN_IDENTITY = "iPhone Developer";
				COPY_PHASE_STRIP = NO;
				DEBUG_INFORMATION_FORMAT = "dwarf-with-dsym";
				ENABLE_NS_ASSERTIONS = NO;
				ENABLE_STRICT_OBJC_MSGSEND = YES;
				GCC_C_LANGUAGE_STANDARD = gnu11;
				GCC_NO_COMMON_BLOCKS = YES;
				GCC_WARN_64_TO_32_BIT_CONVERSION = YES;
				GCC_WARN_ABOUT_RETURN_TYPE = YES_ERROR;
				GCC_WARN_UNDECLARED_SELECTOR = YES;
				GCC_WARN_UNINITIALIZED_AUTOS = YES_AGGRESSIVE;
				GCC_WARN_UNUSED_FUNCTION = YES;
				GCC_WARN_UNUSED_VARIABLE = YES;
				IPHONEOS_DEPLOYMENT_TARGET = 12.1;
				MTL_ENABLE_DEBUG_INFO = NO;
				MTL_FAST_MATH = YES;
				SDKROOT = iphoneos;
				VALIDATE_PRODUCT = YES;
			};
			name = Release;
		};
		31B590F421BEAF6100183B42 /* Debug */ = {
			isa = XCBuildConfiguration;
			buildSettings = {
				ASSETCATALOG_COMPILER_APPICON_NAME = AppIcon;
				CODE_SIGN_STYLE = Automatic;
				DEVELOPMENT_TEAM = 5XH837PT9T;
				INFOPLIST_FILE = XLSubtractMask/Info.plist;
				LD_RUNPATH_SEARCH_PATHS = (
					"$(inherited)",
					"@executable_path/Frameworks",
				);
				PRODUCT_BUNDLE_IDENTIFIER = lixiaolong.XLSubtractMask;
				PRODUCT_NAME = "$(TARGET_NAME)";
				TARGETED_DEVICE_FAMILY = "1,2";
			};
			name = Debug;
		};
		31B590F521BEAF6100183B42 /* Release */ = {
			isa = XCBuildConfiguration;
			buildSettings = {
				ASSETCATALOG_COMPILER_APPICON_NAME = AppIcon;
				CODE_SIGN_STYLE = Automatic;
				DEVELOPMENT_TEAM = 5XH837PT9T;
				INFOPLIST_FILE = XLSubtractMask/Info.plist;
				LD_RUNPATH_SEARCH_PATHS = (
					"$(inherited)",
					"@executable_path/Frameworks",
				);
				PRODUCT_BUNDLE_IDENTIFIER = lixiaolong.XLSubtractMask;
				PRODUCT_NAME = "$(TARGET_NAME)";
				TARGETED_DEVICE_FAMILY = "1,2";
			};
			name = Release;
		};
/* End XCBuildConfiguration section */

/* Begin XCConfigurationList section */
		31B590D821BEAF6000183B42 /* Build configuration list for PBXProject "XLSubtractMask" */ = {
			isa = XCConfigurationList;
			buildConfigurations = (
				31B590F121BEAF6100183B42 /* Debug */,
				31B590F221BEAF6100183B42 /* Release */,
			);
			defaultConfigurationIsVisible = 0;
			defaultConfigurationName = Release;
		};
		31B590F321BEAF6100183B42 /* Build configuration list for PBXNativeTarget "XLSubtractMask" */ = {
			isa = XCConfigurationList;
			buildConfigurations = (
				31B590F421BEAF6100183B42 /* Debug */,
				31B590F521BEAF6100183B42 /* Release */,
			);
			defaultConfigurationIsVisible = 0;
			defaultConfigurationName = Release;
		};
/* End XCConfigurationList section */
	};
	rootObject = 31B590D521BEAF6000183B42 /* Project object */;
}
